
Microsoft Visual Studio Solution File, Format Version 12.00
# Visual Studio Version 17
VisualStudioVersion = 17.0.31912.275
MinimumVisualStudioVersion = 10.0.40219.1
Project("{FAE04EC0-301F-11D3-BF4B-00C04F79EFBC}") = "OpenBets.Server", "Server\OpenBets.Server.csproj", "{D080FB23-AD18-491D-8CF5-F70564546AE7}"
EndProject
Project("{FAE04EC0-301F-11D3-BF4B-00C04F79EFBC}") = "OpenBets.Client", "Client\OpenBets.Client.csproj", "{A5CD8ABE-4A16-467F-B47F-BBCC14A66340}"
EndProject
Project("{FAE04EC0-301F-11D3-BF4B-00C04F79EFBC}") = "OpenBets.Shared", "Shared\OpenBets.Shared.csproj", "{76709BD0-20E0-4A99-AC18-50931BA597E1}"
EndProject
Project("{FAE04EC0-301F-11D3-BF4B-00C04F79EFBC}") = "OpenBetsLibrary", "..\OpenBetsLibrary\OpenBetsLibrary.csproj", "{0C3F1A14-F1B3-4BAF-B231-FA977515BF59}"
EndProject
Project("{2150E333-8FDC-42A3-9474-1A3956D46DE8}") = "Solution Items", "Solution Items", "{A0DA9323-6672-431F-B3C3-F373E2701676}"
	ProjectSection(SolutionItems) = preProject
		.editorconfig = .editorconfig
	EndProjectSection
EndProject
Global
	GlobalSection(SolutionConfigurationPlatforms) = preSolution
		Debug|Any CPU = Debug|Any CPU
		Release|Any CPU = Release|Any CPU
	EndGlobalSection
	GlobalSection(ProjectConfigurationPlatforms) = postSolution
		{D080FB23-AD18-491D-8CF5-F70564546AE7}.Debug|Any CPU.ActiveCfg = Debug|Any CPU
		{D080FB23-AD18-491D-8CF5-F70564546AE7}.Debug|Any CPU.Build.0 = Debug|Any CPU
		{D080FB23-AD18-491D-8CF5-F70564546AE7}.Release|Any CPU.ActiveCfg = Release|Any CPU
		{D080FB23-AD18-491D-8CF5-F70564546AE7}.Release|Any CPU.Build.0 = Release|Any CPU
		{A5CD8ABE-4A16-467F-B47F-BBCC14A66340}.Debug|Any CPU.ActiveCfg = Debug|Any CPU
		{A5CD8ABE-4A16-467F-B47F-BBCC14A66340}.Debug|Any CPU.Build.0 = Debug|Any CPU
		{A5CD8ABE-4A16-467F-B47F-BBCC14A66340}.Release|Any CPU.ActiveCfg = Release|Any CPU
		{A5CD8ABE-4A16-467F-B47F-BBCC14A66340}.Release|Any CPU.Build.0 = Release|Any CPU
		{76709BD0-20E0-4A99-AC18-50931BA597E1}.Debug|Any CPU.ActiveCfg = Debug|Any CPU
		{76709BD0-20E0-4A99-AC18-50931BA597E1}.Debug|Any CPU.Build.0 = Debug|Any CPU
		{76709BD0-20E0-4A99-AC18-50931BA597E1}.Release|Any CPU.ActiveCfg = Release|Any CPU
		{76709BD0-20E0-4A99-AC18-50931BA597E1}.Release|Any CPU.Build.0 = Release|Any CPU
		{0C3F1A14-F1B3-4BAF-B231-FA977515BF59}.Debug|Any CPU.ActiveCfg = Debug|Any CPU
		{0C3F1A14-F1B3-4BAF-B231-FA977515BF59}.Debug|Any CPU.Build.0 = Debug|Any CPU
		{0C3F1A14-F1B3-4BAF-B231-FA977515BF59}.Release|Any CPU.ActiveCfg = Release|Any CPU
		{0C3F1A14-F1B3-4BAF-B231-FA977515BF59}.Release|Any CPU.Build.0 = Release|Any CPU
	EndGlobalSection
	GlobalSection(SolutionProperties) = preSolution
		HideSolutionNode = FALSE
	EndGlobalSection
	GlobalSection(ExtensibilityGlobals) = postSolution
		SolutionGuid = {DD31599B-E1E6-413B-A5FC-E43CDD0958ED}
	EndGlobalSection
EndGlobal
